{
  "requires": true,
  "lockfileVersion": 1,
  "dependencies": {
    "@irojs/iro-core": {
      "version": "1.0.5",
      "resolved": "https://registry.npmjs.org/@irojs/iro-core/-/iro-core-1.0.5.tgz",
      "integrity": "sha512-tGSYaSechLfF+40oBwsunsL9q2+bvcy1FCa6n/2OKDVgtn9a36XZX2DiJvsQX5u/6I62GCemSlvyAwlqOXQnwQ=="
    },
    "@jaames/iro": {
      "version": "5.3.1",
      "resolved": "https://registry.npmjs.org/@jaames/iro/-/iro-5.3.1.tgz",
      "integrity": "sha512-2mR6IeAYR4a7CWeFrVdvBRH84UdHXtTll/qbpeqfNsL9LROJBxGAK+8d5jXXcjmr+gTYK3AiYDSM1QKP2DkyuQ==",
      "requires": {
        "@irojs/iro-core": "^1.0.5",
        "preact": "^10.0.0"
      }
    },
    "preact": {
      "version": "10.5.7",
      "resolved": "https://registry.npmjs.org/preact/-/preact-10.5.7.tgz",
      "integrity": "sha512-4oEpz75t/0UNcwmcsjk+BIcDdk68oao+7kxcpc1hQPNs2Oo3ZL9xFz8UBf350mxk/VEdD41L5b4l2dE3Ug3RYg=="
    }
  }
}
